
Microsoft Visual Studio Solution File, Format Version 12.00
# Visual Studio 14
VisualStudioVersion = 14.0.25420.1
MinimumVisualStudioVersion = 10.0.40219.1
Project("{8BC9CEB8-8B4A-11D0-8D11-00A0C91BC942}") = "ZipStudio", "projects\vc2015\ZipStudio\ZipStudio.vcxproj", "{66A898B9-15BE-4CF8-9FBA-9568774A5FE1}"
	ProjectSection(ProjectDependencies) = postProject
		{3EE6D127-9307-468A-A332-BD6F1844A942} = {3EE6D127-9307-468A-A332-BD6F1844A942}
		{ED301BCA-343E-4AC8-A839-70F7E9CB762C} = {ED301BCA-343E-4AC8-A839-70F7E9CB762C}
	EndProjectSection
EndProject
Project("{8BC9CEB8-8B4A-11D0-8D11-00A0C91BC942}") = "ZipStd", "projects\vc2015\ZipStd\ZipStd.vcxproj", "{3EE6D127-9307-468A-A332-BD6F1844A942}"
EndProject
Project("{8BC9CEB8-8B4A-11D0-8D11-00A0C91BC942}") = "ZipLab", "projects\vc2015\ZipLab\ZipLab.vcxproj", "{ED301BCA-343E-4AC8-A839-70F7E9CB762C}"
EndProject
Global
	GlobalSection(SolutionConfigurationPlatforms) = preSolution
		Debug|x64 = Debug|x64
		Debug|x86 = Debug|x86
		Release|x64 = Release|x64
		Release|x86 = Release|x86
	EndGlobalSection
	GlobalSection(ProjectConfigurationPlatforms) = postSolution
		{66A898B9-15BE-4CF8-9FBA-9568774A5FE1}.Debug|x64.ActiveCfg = Debug|x64
		{66A898B9-15BE-4CF8-9FBA-9568774A5FE1}.Debug|x64.Build.0 = Debug|x64
		{66A898B9-15BE-4CF8-9FBA-9568774A5FE1}.Debug|x86.ActiveCfg = Debug|Win32
		{66A898B9-15BE-4CF8-9FBA-9568774A5FE1}.Debug|x86.Build.0 = Debug|Win32
		{66A898B9-15BE-4CF8-9FBA-9568774A5FE1}.Release|x64.ActiveCfg = Release|x64
		{66A898B9-15BE-4CF8-9FBA-9568774A5FE1}.Release|x64.Build.0 = Release|x64
		{66A898B9-15BE-4CF8-9FBA-9568774A5FE1}.Release|x86.ActiveCfg = Release|Win32
		{66A898B9-15BE-4CF8-9FBA-9568774A5FE1}.Release|x86.Build.0 = Release|Win32
		{ED301BCA-343E-4AC8-A839-70F7E9CB762C}.Debug|x64.ActiveCfg = Debug|x64
		{ED301BCA-343E-4AC8-A839-70F7E9CB762C}.Debug|x64.Build.0 = Debug|x64
		{ED301BCA-343E-4AC8-A839-70F7E9CB762C}.Debug|x86.ActiveCfg = Debug|Win32
		{ED301BCA-343E-4AC8-A839-70F7E9CB762C}.Debug|x86.Build.0 = Debug|Win32
		{ED301BCA-343E-4AC8-A839-70F7E9CB762C}.Release|x64.ActiveCfg = Release|x64
		{ED301BCA-343E-4AC8-A839-70F7E9CB762C}.Release|x64.Build.0 = Release|x64
		{ED301BCA-343E-4AC8-A839-70F7E9CB762C}.Release|x86.ActiveCfg = Release|Win32
		{ED301BCA-343E-4AC8-A839-70F7E9CB762C}.Release|x86.Build.0 = Release|Win32
		{3EE6D127-9307-468A-A332-BD6F1844A942}.Debug|x64.ActiveCfg = Debug|x64
		{3EE6D127-9307-468A-A332-BD6F1844A942}.Debug|x64.Build.0 = Debug|x64
		{3EE6D127-9307-468A-A332-BD6F1844A942}.Debug|x86.ActiveCfg = Debug|Win32
		{3EE6D127-9307-468A-A332-BD6F1844A942}.Debug|x86.Build.0 = Debug|Win32
		{3EE6D127-9307-468A-A332-BD6F1844A942}.Release|x64.ActiveCfg = Release|x64
		{3EE6D127-9307-468A-A332-BD6F1844A942}.Release|x64.Build.0 = Release|x64
		{3EE6D127-9307-468A-A332-BD6F1844A942}.Release|x86.ActiveCfg = Release|Win32
		{3EE6D127-9307-468A-A332-BD6F1844A942}.Release|x86.Build.0 = Release|Win32
	EndGlobalSection
	GlobalSection(SolutionProperties) = preSolution
		HideSolutionNode = FALSE
	EndGlobalSection
EndGlobal
