<?xml version="1.0" encoding="utf-8"?>
<Project ToolsVersion="4.0" xmlns="http://schemas.microsoft.com/developer/msbuild/2003">
  <ItemGroup>
    <Filter Include="src">
      <UniqueIdentifier>{4FC737F1-C7A5-4376-A066-2A32D752A2FF}</UniqueIdentifier>
      <Extensions>h;hh;hpp;hxx;hm;inl;inc;xsd;cpp;c;cc;cxx;def;odl;idl;hpj;bat;asm;asmx</Extensions>
    </Filter>
    <Filter Include="src\huffman">
      <UniqueIdentifier>{2df57d2a-d079-4cbe-816c-a36da94c702e}</UniqueIdentifier>
    </Filter>
    <Filter Include="src\basic">
      <UniqueIdentifier>{b12c15f1-bb58-44ab-b334-85da2e380064}</UniqueIdentifier>
    </Filter>
    <Filter Include="src\config">
      <UniqueIdentifier>{3cd2bf3f-2c7b-47a4-963a-d8ee395e2294}</UniqueIdentifier>
    </Filter>
    <Filter Include="src\stream">
      <UniqueIdentifier>{7a315474-7d2b-4578-88fd-7951ae3963e1}</UniqueIdentifier>
    </Filter>
    <Filter Include="src\lz77">
      <UniqueIdentifier>{a9fe3e8a-97c4-48d2-b8cf-93153ec3a40c}</UniqueIdentifier>
    </Filter>
    <Filter Include="src\std">
      <UniqueIdentifier>{6ce77751-642a-465a-a913-cd738f723ea4}</UniqueIdentifier>
    </Filter>
  </ItemGroup>
  <ItemGroup>
    <ClCompile Include="..\..\..\src\ziplab\huffman\huffman.cpp">
      <Filter>src\huffman</Filter>
    </ClCompile>
  </ItemGroup>
  <ItemGroup>
    <ClInclude Include="..\..\..\src\ziplab\huffman\huffman.hpp">
      <Filter>src\huffman</Filter>
    </ClInclude>
    <ClInclude Include="..\..\..\src\ziplab\basic\stddef.h">
      <Filter>src\basic</Filter>
    </ClInclude>
    <ClInclude Include="..\..\..\src\ziplab\basic\vld.h">
      <Filter>src\basic</Filter>
    </ClInclude>
    <ClInclude Include="..\..\..\src\ziplab\basic\vld_def.h">
      <Filter>src\basic</Filter>
    </ClInclude>
    <ClInclude Include="..\..\..\src\ziplab\config\config.h">
      <Filter>src\config</Filter>
    </ClInclude>
    <ClInclude Include="..\..\..\src\ziplab\config\config_cxx.h">
      <Filter>src\config</Filter>
    </ClInclude>
    <ClInclude Include="..\..\..\src\ziplab\config\config_hw.h">
      <Filter>src\config</Filter>
    </ClInclude>
    <ClInclude Include="..\..\..\src\ziplab\config\config_hw_detect.h">
      <Filter>src\config</Filter>
    </ClInclude>
    <ClInclude Include="..\..\..\src\ziplab\config\config_hw_use.h">
      <Filter>src\config</Filter>
    </ClInclude>
    <ClInclude Include="..\..\..\src\ziplab\config\config_post.h">
      <Filter>src\config</Filter>
    </ClInclude>
    <ClInclude Include="..\..\..\src\ziplab\config\config_pre.h">
      <Filter>src\config</Filter>
    </ClInclude>
    <ClInclude Include="..\..\..\src\ziplab\config\config_ziplab.h">
      <Filter>src\config</Filter>
    </ClInclude>
    <ClInclude Include="..\..\..\src\ziplab\basic\compiler.h">
      <Filter>src\basic</Filter>
    </ClInclude>
    <ClInclude Include="..\..\..\src\ziplab\basic\export.h">
      <Filter>src\basic</Filter>
    </ClInclude>
    <ClInclude Include="..\..\..\src\ziplab\basic\macros.h">
      <Filter>src\basic</Filter>
    </ClInclude>
    <ClInclude Include="..\..\..\src\ziplab\basic\platform.h">
      <Filter>src\basic</Filter>
    </ClInclude>
    <ClInclude Include="..\..\..\src\ziplab\version.h">
      <Filter>src</Filter>
    </ClInclude>
    <ClInclude Include="..\..\..\src\ziplab\stream\InputStream.h">
      <Filter>src\stream</Filter>
    </ClInclude>
    <ClInclude Include="..\..\..\src\ziplab\stream\OutputStream.h">
      <Filter>src\stream</Filter>
    </ClInclude>
    <ClInclude Include="..\..\..\src\ziplab\stream\FileReader.h">
      <Filter>src\stream</Filter>
    </ClInclude>
    <ClInclude Include="..\..\..\src\ziplab\stream\FileWriter.h">
      <Filter>src\stream</Filter>
    </ClInclude>
    <ClInclude Include="..\..\..\src\ziplab\stream\StreamBuffer.h">
      <Filter>src\stream</Filter>
    </ClInclude>
    <ClInclude Include="..\..\..\src\ziplab\stream\MemoryBuffer.h">
      <Filter>src\stream</Filter>
    </ClInclude>
    <ClInclude Include="..\..\..\src\ziplab\stream\MemoryView.h">
      <Filter>src\stream</Filter>
    </ClInclude>
    <ClInclude Include="..\..\..\src\ziplab\stream\MemoryStorage.h">
      <Filter>src\stream</Filter>
    </ClInclude>
    <ClInclude Include="..\..\..\src\ziplab\lz77\lzss.hpp">
      <Filter>src\lz77</Filter>
    </ClInclude>
    <ClInclude Include="..\..\..\src\ziplab\lz77\lz77.hpp">
      <Filter>src\lz77</Filter>
    </ClInclude>
    <ClInclude Include="..\..\..\src\ziplab\lz77\lzDictHashmap.hpp">
      <Filter>src\lz77</Filter>
    </ClInclude>
    <ClInclude Include="..\..\..\src\ziplab\std\bitset.h">
      <Filter>src\std</Filter>
    </ClInclude>
  </ItemGroup>
</Project>